ComfyUI-Manager	https://github.com/Comfy-Org/ComfyUI-Manager	ddb6a55cd60d3829a3ac9e8806bc639bc94235dc
ComfyUI_Swwan	https://github.com/aining2022/ComfyUI_Swwan	881bc91790da6b907d3d28e5b91b295b9aef06ee
ComfyUI_essentials	https://github.com/cubiq/ComfyUI_essentials	9d9f4bedfc9f0321c19faf71855e228c93bd0dc9
comfyui-various	https://github.com/jamesWalker55/comfyui-various	5bd85aaf7616878471469c4ec7e11bbd0cef3bf2
